
Microsoft Visual Studio Solution File, Format Version 12.00
# Visual Studio Version 17
VisualStudioVersion = 17.2.32630.192
MinimumVisualStudioVersion = 10.0.40219.1
Project("{FAE04EC0-301F-11D3-BF4B-00C04F79EFBC}") = "LogisticsAssistant", "LogisticsAssistant.csproj", "{1237AF48-F9F9-451A-BD3D-FE859E58CBC1}"
EndProject
Global
	GlobalSection(SolutionConfigurationPlatforms) = preSolution
		Debug|Any CPU = Debug|Any CPU
		Release|Any CPU = Release|Any CPU
	EndGlobalSection
	GlobalSection(ProjectConfigurationPlatforms) = postSolution
		{1237AF48-F9F9-451A-BD3D-FE859E58CBC1}.Debug|Any CPU.ActiveCfg = Debug|Any CPU
		{1237AF48-F9F9-451A-BD3D-FE859E58CBC1}.Debug|Any CPU.Build.0 = Debug|Any CPU
		{1237AF48-F9F9-451A-BD3D-FE859E58CBC1}.Release|Any CPU.ActiveCfg = Release|Any CPU
		{1237AF48-F9F9-451A-BD3D-FE859E58CBC1}.Release|Any CPU.Build.0 = Release|Any CPU
	EndGlobalSection
	GlobalSection(SolutionProperties) = preSolution
		HideSolutionNode = FALSE
	EndGlobalSection
	GlobalSection(ExtensibilityGlobals) = postSolution
		SolutionGuid = {840DD571-25F7-44E1-A442-4BBE08F567A4}
	EndGlobalSection
EndGlobal
